
Microsoft Visual Studio Solution File, Format Version 12.00
# Visual Studio Version 16
VisualStudioVersion = 16.0.32126.315
MinimumVisualStudioVersion = 10.0.40219.1
Project("{FAE04EC0-301F-11D3-BF4B-00C04F79EFBC}") = "AddCourse", "AddCourse\AddCourse.csproj", "{5E18256F-DE2C-4540-BDCF-CCDC2B546DD7}"
EndProject
Global
	GlobalSection(SolutionConfigurationPlatforms) = preSolution
		Debug|Any CPU = Debug|Any CPU
		Release|Any CPU = Release|Any CPU
	EndGlobalSection
	GlobalSection(ProjectConfigurationPlatforms) = postSolution
		{5E18256F-DE2C-4540-BDCF-CCDC2B546DD7}.Debug|Any CPU.ActiveCfg = Debug|Any CPU
		{5E18256F-DE2C-4540-BDCF-CCDC2B546DD7}.Debug|Any CPU.Build.0 = Debug|Any CPU
		{5E18256F-DE2C-4540-BDCF-CCDC2B546DD7}.Release|Any CPU.ActiveCfg = Release|Any CPU
		{5E18256F-DE2C-4540-BDCF-CCDC2B546DD7}.Release|Any CPU.Build.0 = Release|Any CPU
	EndGlobalSection
	GlobalSection(SolutionProperties) = preSolution
		HideSolutionNode = FALSE
	EndGlobalSection
	GlobalSection(ExtensibilityGlobals) = postSolution
		SolutionGuid = {8CB95677-B236-4F0B-9A6E-2EA333BF56C4}
	EndGlobalSection
EndGlobal
